
Microsoft Visual Studio Solution File, Format Version 12.00
# Visual Studio 15
VisualStudioVersion = 15.0.28307.1831
MinimumVisualStudioVersion = 10.0.40219.1
Project("{FAE04EC0-301F-11D3-BF4B-00C04F79EFBC}") = "Analisador Léxico", "Analisador Léxico\Analisador Léxico.csproj", "{EB280FF8-43FB-41E4-9CED-D872F0208811}"
EndProject
Global
	GlobalSection(SolutionConfigurationPlatforms) = preSolution
		Debug|Any CPU = Debug|Any CPU
		Release|Any CPU = Release|Any CPU
	EndGlobalSection
	GlobalSection(ProjectConfigurationPlatforms) = postSolution
		{EB280FF8-43FB-41E4-9CED-D872F0208811}.Debug|Any CPU.ActiveCfg = Debug|Any CPU
		{EB280FF8-43FB-41E4-9CED-D872F0208811}.Debug|Any CPU.Build.0 = Debug|Any CPU
		{EB280FF8-43FB-41E4-9CED-D872F0208811}.Release|Any CPU.ActiveCfg = Release|Any CPU
		{EB280FF8-43FB-41E4-9CED-D872F0208811}.Release|Any CPU.Build.0 = Release|Any CPU
	EndGlobalSection
	GlobalSection(SolutionProperties) = preSolution
		HideSolutionNode = FALSE
	EndGlobalSection
	GlobalSection(ExtensibilityGlobals) = postSolution
		SolutionGuid = {7BB1574A-A7B1-4B6E-AFD3-650AC3536B59}
	EndGlobalSection
EndGlobal
